<?xml version="1.0" encoding="UTF-8"?>
<Scheme
   LastUpgradeVersion = "1340"
   version = "1.3">
   <BuildAction
      parallelizeBuildables = "YES"
      buildImplicitDependencies = "YES">
      <BuildActionEntries>
         <BuildActionEntry
            buildForTesting = "YES"
            buildForRunning = "YES"
            buildForProfiling = "YES"
            buildForArchiving = "YES"
            buildForAnalyzing = "YES">
            <BuildableReference
               BuildableIdentifier = "primary"
               BlueprintIdentifier = "05B9628F275D9F1D00FAD041"
               BuildableName = "TECO for Watch.app"
               BlueprintName = "TennisCounter WatchKit App"
               ReferencedContainer = "container:TennisCounter.xcodeproj">
            </BuildableReference>
         </BuildActionEntry>
         <BuildActionEntry
            buildForTesting = "YES"
            buildForRunning = "YES"
            buildForProfiling = "YES"
            buildForArchiving = "YES"
            buildForAnalyzing = "YES">
            <BuildableReference
               BuildableIdentifier = "primary"
               BlueprintIdentifier = "05B9626B275D9F1C00FAD041"
               BuildableName = "TECO.app"
               BlueprintName = "TECO"
               ReferencedContainer = "container:TennisCounter.xcodeproj">
            </BuildableReference>
         </BuildActionEntry>
      </BuildActionEntries>
   </BuildAction>
   <TestAction
      buildConfiguration = "Debug"
      selectedDebuggerIdentifier = "Xcode.DebuggerFoundation.Debugger.LLDB"
      selectedLauncherIdentifier = "Xcode.DebuggerFoundation.Launcher.LLDB"
      shouldUseLaunchSchemeArgsEnv = "YES">
      <Testables>
         <TestableReference
            skipped = "NO">
            <BuildableReference
               BuildableIdentifier = "primary"
               BlueprintIdentifier = "05B962B4275D9F1E00FAD041"
               BuildableName = "TennisCounter WatchKit AppTests.xctest"
               BlueprintName = "TennisCounter WatchKit AppTests"
               ReferencedContainer = "container:TennisCounter.xcodeproj">
            </BuildableReference>
         </TestableReference>
         <TestableReference
            skipped = "NO">
            <BuildableReference
               BuildableIdentifier = "primary"
               BlueprintIdentifier = "05B962BE275D9F1E00FAD041"
               BuildableName = "TennisCounter WatchKit AppUITests.xctest"
               BlueprintName = "TennisCounter WatchKit AppUITests"
               ReferencedContainer = "container:TennisCounter.xcodeproj">
            </BuildableReference>
         </TestableReference>
      </Testables>
   </TestAction>
   <LaunchAction
      buildConfiguration = "Debug"
      selectedDebuggerIdentifier = "Xcode.DebuggerFoundation.Debugger.LLDB"
      selectedLauncherIdentifier = "Xcode.DebuggerFoundation.Launcher.LLDB"
      launchStyle = "0"
      useCustomWorkingDirectory = "NO"
      ignoresPersistentStateOnLaunch = "NO"
      debugDocumentVersioning = "YES"
      debugServiceExtension = "internal"
      allowLocationSimulation = "YES">
      <RemoteRunnable
         runnableDebuggingMode = "2"
         BundleIdentifier = "com.apple.Carousel"
         RemotePath = "/(null)">
         <BuildableReference
            BuildableIdentifier = "primary"
            BlueprintIdentifier = "05B9628F275D9F1D00FAD041"
            BuildableName = "TECO for Watch.app"
            BlueprintName = "TennisCounter WatchKit App"
            ReferencedContainer = "container:TennisCounter.xcodeproj">
         </BuildableReference>
      </RemoteRunnable>
   </LaunchAction>
   <ProfileAction
      buildConfiguration = "Release"
      shouldUseLaunchSchemeArgsEnv = "YES"
      savedToolIdentifier = ""
      useCustomWorkingDirectory = "NO"
      debugDocumentVersioning = "YES">
      <RemoteRunnable
         runnableDebuggingMode = "2"
         BundleIdentifier = "com.apple.Carousel"
         RemotePath = "/(null)">
         <BuildableReference
            BuildableIdentifier = "primary"
            BlueprintIdentifier = "05B9628F275D9F1D00FAD041"
            BuildableName = "TECO for Watch.app"
            BlueprintName = "TennisCounter WatchKit App"
            ReferencedContainer = "container:TennisCounter.xcodeproj">
         </BuildableReference>
      </RemoteRunnable>
      <MacroExpansion>
         <BuildableReference
            BuildableIdentifier = "primary"
            BlueprintIdentifier = "05B9628F275D9F1D00FAD041"
            BuildableName = "TECO for Watch.app"
            BlueprintName = "TennisCounter WatchKit App"
            ReferencedContainer = "container:TennisCounter.xcodeproj">
         </BuildableReference>
      </MacroExpansion>
   </ProfileAction>
   <AnalyzeAction
      buildConfiguration = "Debug">
   </AnalyzeAction>
   <ArchiveAction
      buildConfiguration = "Release"
      revealArchiveInOrganizer = "YES">
   </ArchiveAction>
</Scheme>
